
Microsoft Visual Studio Solution File, Format Version 12.00
# Visual Studio Version 17
VisualStudioVersion = 17.0.31903.59
MinimumVisualStudioVersion = 10.0.40219.1
Project("{FAE04EC0-301F-11D3-BF4B-00C04F79EFBC}") = "TSP.Domain", "TSP.Domain\TSP.Domain.csproj", "{4C7C8224-A47B-4459-ACA3-756E19C4A2B2}"
EndProject
Project("{FAE04EC0-301F-11D3-BF4B-00C04F79EFBC}") = "TSP.Shared", "TSP.Shared\TSP.Shared.csproj", "{2AD9478D-A8DF-48C3-8C17-8D463EF93153}"
EndProject
Project("{FAE04EC0-301F-11D3-BF4B-00C04F79EFBC}") = "TSP.EndPoint", "TSP.EndPoint\TSP.EndPoint.csproj", "{EC0DEFE9-EB31-4677-84C8-870145E9D069}"
EndProject
Global
	GlobalSection(SolutionConfigurationPlatforms) = preSolution
		Debug|Any CPU = Debug|Any CPU
		Release|Any CPU = Release|Any CPU
	EndGlobalSection
	GlobalSection(ProjectConfigurationPlatforms) = postSolution
		{4C7C8224-A47B-4459-ACA3-756E19C4A2B2}.Debug|Any CPU.ActiveCfg = Debug|Any CPU
		{4C7C8224-A47B-4459-ACA3-756E19C4A2B2}.Debug|Any CPU.Build.0 = Debug|Any CPU
		{4C7C8224-A47B-4459-ACA3-756E19C4A2B2}.Release|Any CPU.ActiveCfg = Release|Any CPU
		{4C7C8224-A47B-4459-ACA3-756E19C4A2B2}.Release|Any CPU.Build.0 = Release|Any CPU
		{2AD9478D-A8DF-48C3-8C17-8D463EF93153}.Debug|Any CPU.ActiveCfg = Debug|Any CPU
		{2AD9478D-A8DF-48C3-8C17-8D463EF93153}.Debug|Any CPU.Build.0 = Debug|Any CPU
		{2AD9478D-A8DF-48C3-8C17-8D463EF93153}.Release|Any CPU.ActiveCfg = Release|Any CPU
		{2AD9478D-A8DF-48C3-8C17-8D463EF93153}.Release|Any CPU.Build.0 = Release|Any CPU
		{EC0DEFE9-EB31-4677-84C8-870145E9D069}.Debug|Any CPU.ActiveCfg = Debug|Any CPU
		{EC0DEFE9-EB31-4677-84C8-870145E9D069}.Debug|Any CPU.Build.0 = Debug|Any CPU
		{EC0DEFE9-EB31-4677-84C8-870145E9D069}.Release|Any CPU.ActiveCfg = Release|Any CPU
		{EC0DEFE9-EB31-4677-84C8-870145E9D069}.Release|Any CPU.Build.0 = Release|Any CPU
	EndGlobalSection
	GlobalSection(SolutionProperties) = preSolution
		HideSolutionNode = FALSE
	EndGlobalSection
	GlobalSection(ExtensibilityGlobals) = postSolution
		SolutionGuid = {6152A30F-4C63-4A9E-B79F-592D4B455EE5}
	EndGlobalSection
EndGlobal
